
Microsoft Visual Studio Solution File, Format Version 12.00
# Visual Studio Version 16
VisualStudioVersion = 16.0.32510.428
MinimumVisualStudioVersion = 10.0.40219.1
Project("{9A19103F-16F7-4668-BE54-9A1E7A4F7556}") = "WebApi", "WebApi\WebApi.csproj", "{BDD1DF03-86EA-4222-96FD-7379687B32E3}"
EndProject
Project("{9A19103F-16F7-4668-BE54-9A1E7A4F7556}") = "Domain.Core", "Domain.Core\Domain.Core.csproj", "{0433BC84-3236-472B-8DC9-70E5E5CD06C2}"
EndProject
Project("{9A19103F-16F7-4668-BE54-9A1E7A4F7556}") = "Domain.Interfaces", "Domain.Interfaces\Domain.Interfaces.csproj", "{ECD4FBDA-6219-4516-A13E-9FF6244B0ABE}"
EndProject
Project("{9A19103F-16F7-4668-BE54-9A1E7A4F7556}") = "Application.Services", "Application.Services\Application.Services.csproj", "{60B78043-E349-496A-A7FC-3F7C72811B30}"
EndProject
Project("{9A19103F-16F7-4668-BE54-9A1E7A4F7556}") = "Infrastructure.Data", "Infrastructure.Data\Infrastructure.Data.csproj", "{6604A160-3BA5-46DF-ACC3-4D9DD685956E}"
EndProject
Project("{9A19103F-16F7-4668-BE54-9A1E7A4F7556}") = "Infrastructure.Services", "Infrastructure.Services\Infrastructure.Services.csproj", "{721E6CA6-10D4-4C18-832F-5B01FC3BD4DA}"
EndProject
Project("{9A19103F-16F7-4668-BE54-9A1E7A4F7556}") = "UnitTests", "UnitTests\UnitTests.csproj", "{5BE05DF9-5BD3-4610-BA05-36E8EA33037A}"
EndProject
Global
	GlobalSection(SolutionConfigurationPlatforms) = preSolution
		Debug|Any CPU = Debug|Any CPU
		Release|Any CPU = Release|Any CPU
	EndGlobalSection
	GlobalSection(ProjectConfigurationPlatforms) = postSolution
		{BDD1DF03-86EA-4222-96FD-7379687B32E3}.Debug|Any CPU.ActiveCfg = Debug|Any CPU
		{BDD1DF03-86EA-4222-96FD-7379687B32E3}.Debug|Any CPU.Build.0 = Debug|Any CPU
		{BDD1DF03-86EA-4222-96FD-7379687B32E3}.Release|Any CPU.ActiveCfg = Release|Any CPU
		{BDD1DF03-86EA-4222-96FD-7379687B32E3}.Release|Any CPU.Build.0 = Release|Any CPU
		{0433BC84-3236-472B-8DC9-70E5E5CD06C2}.Debug|Any CPU.ActiveCfg = Debug|Any CPU
		{0433BC84-3236-472B-8DC9-70E5E5CD06C2}.Debug|Any CPU.Build.0 = Debug|Any CPU
		{0433BC84-3236-472B-8DC9-70E5E5CD06C2}.Release|Any CPU.ActiveCfg = Release|Any CPU
		{0433BC84-3236-472B-8DC9-70E5E5CD06C2}.Release|Any CPU.Build.0 = Release|Any CPU
		{ECD4FBDA-6219-4516-A13E-9FF6244B0ABE}.Debug|Any CPU.ActiveCfg = Debug|Any CPU
		{ECD4FBDA-6219-4516-A13E-9FF6244B0ABE}.Debug|Any CPU.Build.0 = Debug|Any CPU
		{ECD4FBDA-6219-4516-A13E-9FF6244B0ABE}.Release|Any CPU.ActiveCfg = Release|Any CPU
		{ECD4FBDA-6219-4516-A13E-9FF6244B0ABE}.Release|Any CPU.Build.0 = Release|Any CPU
		{60B78043-E349-496A-A7FC-3F7C72811B30}.Debug|Any CPU.ActiveCfg = Debug|Any CPU
		{60B78043-E349-496A-A7FC-3F7C72811B30}.Debug|Any CPU.Build.0 = Debug|Any CPU
		{60B78043-E349-496A-A7FC-3F7C72811B30}.Release|Any CPU.ActiveCfg = Release|Any CPU
		{60B78043-E349-496A-A7FC-3F7C72811B30}.Release|Any CPU.Build.0 = Release|Any CPU
		{6604A160-3BA5-46DF-ACC3-4D9DD685956E}.Debug|Any CPU.ActiveCfg = Debug|Any CPU
		{6604A160-3BA5-46DF-ACC3-4D9DD685956E}.Debug|Any CPU.Build.0 = Debug|Any CPU
		{6604A160-3BA5-46DF-ACC3-4D9DD685956E}.Release|Any CPU.ActiveCfg = Release|Any CPU
		{6604A160-3BA5-46DF-ACC3-4D9DD685956E}.Release|Any CPU.Build.0 = Release|Any CPU
		{721E6CA6-10D4-4C18-832F-5B01FC3BD4DA}.Debug|Any CPU.ActiveCfg = Debug|Any CPU
		{721E6CA6-10D4-4C18-832F-5B01FC3BD4DA}.Debug|Any CPU.Build.0 = Debug|Any CPU
		{721E6CA6-10D4-4C18-832F-5B01FC3BD4DA}.Release|Any CPU.ActiveCfg = Release|Any CPU
		{721E6CA6-10D4-4C18-832F-5B01FC3BD4DA}.Release|Any CPU.Build.0 = Release|Any CPU
		{5BE05DF9-5BD3-4610-BA05-36E8EA33037A}.Debug|Any CPU.ActiveCfg = Debug|Any CPU
		{5BE05DF9-5BD3-4610-BA05-36E8EA33037A}.Debug|Any CPU.Build.0 = Debug|Any CPU
		{5BE05DF9-5BD3-4610-BA05-36E8EA33037A}.Release|Any CPU.ActiveCfg = Release|Any CPU
		{5BE05DF9-5BD3-4610-BA05-36E8EA33037A}.Release|Any CPU.Build.0 = Release|Any CPU
	EndGlobalSection
	GlobalSection(SolutionProperties) = preSolution
		HideSolutionNode = FALSE
	EndGlobalSection
	GlobalSection(ExtensibilityGlobals) = postSolution
		SolutionGuid = {912AB8A6-86E4-46AD-811F-8E9A6D308E5F}
	EndGlobalSection
EndGlobal
